# Generated by buf. DO NOT EDIT.
version: v1
deps:
  - remote: buf.build
    owner: googleapis
    repository: googleapis
    commit: b30c5775bfb3485d9da2e87b26590ac9
    digest: shake256:9d0caaf056949a0e1c883b9849d8a2fa66e22f18a2a48f867d1a8c700aa22abee50ad3ef0d8171637457cadc43c584998bdf3adac55da0f9e4614c72686b057d
  - remote: buf.build
    owner: protocolbuffers
    repository: wellknowntypes
    commit: 11912caccc894a0e8bfa509e433b10c0
    digest: shake256:c14a5a03f8db59c57b701c95f6e524b42f3f3be251e60ccf4108d91c068a5c31b123ec402e62f8171734a663a8c8a940a1ec48c09448c88033112b45f5ae4c7f
