# Generated by buf. DO NOT EDIT.
version: v1
deps:
  - remote: buf.build
    owner: bestowcode
    repository: coreapplication
    commit: 6dd7b38136e84f068a3c1d8afa9793c5
    digest: shake256:0169d9f68a7beaebe20eabfeeae824cb7db4c04c2b258554eefe9d5ff990163185f2b0f469ac98f9cdd95aa0f27afca3af6c4ed775c1439ef8d7784e667e5cbd
