# Generated by buf. DO NOT EDIT.
version: v1
deps:
  - remote: buf.build
    owner: acmeapis
    repository: acmeapis
    commit: 33b9d25c0ade4555893cc8694cbdffe3
    digest: shake256:02dd3f096032c3cbd3f1f59bb117319d42b79ff15ebb3467d895a67be0d9814f99779a9fbf8b78700bb08d87b1bc6563838f472e4537ccaf719442a418606a02
  - remote: buf.build
    owner: acmeinternal
    repository: acmeinternal
    commit: 71c98c69f221481ea0dac239d3f11192
    digest: shake256:f4320d87bbbfadb0ad2fa23b6fd198c40dff377635d4fdd69f791fe751a21ae3d3b7b0e39abc34d2ca348fc1725a729bb886946be5389f7063b201c26569d74e
  - remote: buf.build
    owner: bestowcode
    repository: coresdk
    commit: 14887e70be954465829cb5471132abeb
    digest: shake256:2aec702601bcd2bd14b0652c372266f69b94871d666145c5a9d30125619cfad2fbdbfb8dea2526182a36f7e619f9b17f08e7d7999d35ce790bdd79c88431f01d
  - remote: buf.build
    owner: bestowcode
    repository: dartoptions
    commit: 93ab9fa7be144a7aae98565593d0a382
    digest: shake256:2cc3105fd5c8d1be0a7d2ceeefac69891bee4a26f5ac13142c02bc4224b7d758077c22f5540875ced8c2a0063858c810654586f77509c4ad29119246fa234f5e
  - remote: buf.build
    owner: googleapis
    repository: googleapis
    commit: a86849a25cc04f4dbe9b15ddddfbc488
    digest: shake256:e19143328f8cbfe13fc226aeee5e63773ca494693a72740a7560664270039a380d94a1344234b88c7691311460df9a9b1c2982190d0a2612eae80368718e1943
  - remote: buf.build
    owner: protocolbuffers
    repository: wellknowntypes
    commit: 11912caccc894a0e8bfa509e433b10c0
    digest: shake256:c14a5a03f8db59c57b701c95f6e524b42f3f3be251e60ccf4108d91c068a5c31b123ec402e62f8171734a663a8c8a940a1ec48c09448c88033112b45f5ae4c7f
