# Generated by buf. DO NOT EDIT.
version: v1
deps:
  - remote: buf.build
    owner: bestowcode
    repository: kalix
    commit: 32508cfb7e114b9db85983addfa7ad14
    digest: shake256:01a1a403017c518db3b279c48dc4de655bb5effaa7a6b5ecc3ebf99ee6d1ff323ddaebf3f105ff70476ff63e7454c894deb3ee56e63d01663f0293689399f46d
  - remote: buf.build
    owner: googleapis
    repository: googleapis
    commit: a86849a25cc04f4dbe9b15ddddfbc488
    digest: shake256:e19143328f8cbfe13fc226aeee5e63773ca494693a72740a7560664270039a380d94a1344234b88c7691311460df9a9b1c2982190d0a2612eae80368718e1943
